
Microsoft Visual Studio Solution File, Format Version 12.00
# Visual Studio 2013
VisualStudioVersion = 12.0.31101.0
MinimumVisualStudioVersion = 10.0.40219.1
Project("{FAE04EC0-301F-11D3-BF4B-00C04F79EFBC}") = "NetIM.Server", "NetIM.Server\NetIM.Server.csproj", "{B5829B3E-6C86-4D77-B696-29A68FDF786F}"
EndProject
Project("{FAE04EC0-301F-11D3-BF4B-00C04F79EFBC}") = "NetIM.Client", "NetIM.Client\NetIM.Client.csproj", "{B049ABBF-7DB7-421D-B86A-D9E0B315F3E6}"
EndProject
Project("{FAE04EC0-301F-11D3-BF4B-00C04F79EFBC}") = "NetIM.Console", "NetIM.Console\NetIM.Console.csproj", "{CD6F0E4E-620F-4189-B668-2F8272D0CCE2}"
EndProject
Project("{FAE04EC0-301F-11D3-BF4B-00C04F79EFBC}") = "NetIM.IMClient", "NetIM.IMClient\NetIM.IMClient.csproj", "{493362D5-B511-44B9-971A-BE4A65CD0130}"
EndProject
Global
	GlobalSection(SolutionConfigurationPlatforms) = preSolution
		Debug|Any CPU = Debug|Any CPU
		Release|Any CPU = Release|Any CPU
	EndGlobalSection
	GlobalSection(ProjectConfigurationPlatforms) = postSolution
		{B5829B3E-6C86-4D77-B696-29A68FDF786F}.Debug|Any CPU.ActiveCfg = Debug|Any CPU
		{B5829B3E-6C86-4D77-B696-29A68FDF786F}.Debug|Any CPU.Build.0 = Debug|Any CPU
		{B5829B3E-6C86-4D77-B696-29A68FDF786F}.Release|Any CPU.ActiveCfg = Release|Any CPU
		{B5829B3E-6C86-4D77-B696-29A68FDF786F}.Release|Any CPU.Build.0 = Release|Any CPU
		{B049ABBF-7DB7-421D-B86A-D9E0B315F3E6}.Debug|Any CPU.ActiveCfg = Debug|Any CPU
		{B049ABBF-7DB7-421D-B86A-D9E0B315F3E6}.Debug|Any CPU.Build.0 = Debug|Any CPU
		{B049ABBF-7DB7-421D-B86A-D9E0B315F3E6}.Release|Any CPU.ActiveCfg = Release|Any CPU
		{B049ABBF-7DB7-421D-B86A-D9E0B315F3E6}.Release|Any CPU.Build.0 = Release|Any CPU
		{CD6F0E4E-620F-4189-B668-2F8272D0CCE2}.Debug|Any CPU.ActiveCfg = Debug|Any CPU
		{CD6F0E4E-620F-4189-B668-2F8272D0CCE2}.Debug|Any CPU.Build.0 = Debug|Any CPU
		{CD6F0E4E-620F-4189-B668-2F8272D0CCE2}.Release|Any CPU.ActiveCfg = Release|Any CPU
		{CD6F0E4E-620F-4189-B668-2F8272D0CCE2}.Release|Any CPU.Build.0 = Release|Any CPU
		{493362D5-B511-44B9-971A-BE4A65CD0130}.Debug|Any CPU.ActiveCfg = Debug|Any CPU
		{493362D5-B511-44B9-971A-BE4A65CD0130}.Debug|Any CPU.Build.0 = Debug|Any CPU
		{493362D5-B511-44B9-971A-BE4A65CD0130}.Release|Any CPU.ActiveCfg = Release|Any CPU
		{493362D5-B511-44B9-971A-BE4A65CD0130}.Release|Any CPU.Build.0 = Release|Any CPU
	EndGlobalSection
	GlobalSection(SolutionProperties) = preSolution
		HideSolutionNode = FALSE
	EndGlobalSection
EndGlobal
